
Microsoft Visual Studio Solution File, Format Version 12.00
# Visual Studio Version 16
VisualStudioVersion = 16.0.31613.86
MinimumVisualStudioVersion = 10.0.40219.1
Project("{8BC9CEB8-8B4A-11D0-8D11-00A0C91BC942}") = "Point_Cercle", "Point_Cercle\Point_Cercle.vcxproj", "{F2A2118C-9507-471F-B943-7E072F6E0BA1}"
EndProject
Project("{8BC9CEB8-8B4A-11D0-8D11-00A0C91BC942}") = "Point_Cercle_Cli", "Point_Cercle_Cli\Point_Cercle_Cli.vcxproj", "{DAB15D79-5A48-478C-96C5-F9C9409528E8}"
EndProject
Global
	GlobalSection(SolutionConfigurationPlatforms) = preSolution
		Debug|x64 = Debug|x64
		Debug|x86 = Debug|x86
		Release|x64 = Release|x64
		Release|x86 = Release|x86
	EndGlobalSection
	GlobalSection(ProjectConfigurationPlatforms) = postSolution
		{F2A2118C-9507-471F-B943-7E072F6E0BA1}.Debug|x64.ActiveCfg = Debug|x64
		{F2A2118C-9507-471F-B943-7E072F6E0BA1}.Debug|x64.Build.0 = Debug|x64
		{F2A2118C-9507-471F-B943-7E072F6E0BA1}.Debug|x86.ActiveCfg = Debug|Win32
		{F2A2118C-9507-471F-B943-7E072F6E0BA1}.Debug|x86.Build.0 = Debug|Win32
		{F2A2118C-9507-471F-B943-7E072F6E0BA1}.Release|x64.ActiveCfg = Release|x64
		{F2A2118C-9507-471F-B943-7E072F6E0BA1}.Release|x64.Build.0 = Release|x64
		{F2A2118C-9507-471F-B943-7E072F6E0BA1}.Release|x86.ActiveCfg = Release|Win32
		{F2A2118C-9507-471F-B943-7E072F6E0BA1}.Release|x86.Build.0 = Release|Win32
		{DAB15D79-5A48-478C-96C5-F9C9409528E8}.Debug|x64.ActiveCfg = Debug|x64
		{DAB15D79-5A48-478C-96C5-F9C9409528E8}.Debug|x64.Build.0 = Debug|x64
		{DAB15D79-5A48-478C-96C5-F9C9409528E8}.Debug|x86.ActiveCfg = Debug|Win32
		{DAB15D79-5A48-478C-96C5-F9C9409528E8}.Debug|x86.Build.0 = Debug|Win32
		{DAB15D79-5A48-478C-96C5-F9C9409528E8}.Release|x64.ActiveCfg = Release|x64
		{DAB15D79-5A48-478C-96C5-F9C9409528E8}.Release|x64.Build.0 = Release|x64
		{DAB15D79-5A48-478C-96C5-F9C9409528E8}.Release|x86.ActiveCfg = Release|Win32
		{DAB15D79-5A48-478C-96C5-F9C9409528E8}.Release|x86.Build.0 = Release|Win32
	EndGlobalSection
	GlobalSection(SolutionProperties) = preSolution
		HideSolutionNode = FALSE
	EndGlobalSection
	GlobalSection(ExtensibilityGlobals) = postSolution
		SolutionGuid = {B6DEAEB2-7507-4836-8C49-226EF363876F}
	EndGlobalSection
EndGlobal
